
Microsoft Visual Studio Solution File, Format Version 12.00
# Visual Studio Version 17
VisualStudioVersion = 17.5.33424.131
MinimumVisualStudioVersion = 10.0.40219.1
Project("{FAE04EC0-301F-11D3-BF4B-00C04F79EFBC}") = "NoBlur", "NoBlur.csproj", "{D73FC9DB-2A04-448C-96A1-91D9D3009634}"
EndProject
Global
	GlobalSection(SolutionConfigurationPlatforms) = preSolution
		Debug|Any CPU = Debug|Any CPU
		Release|Any CPU = Release|Any CPU
	EndGlobalSection
	GlobalSection(ProjectConfigurationPlatforms) = postSolution
		{D73FC9DB-2A04-448C-96A1-91D9D3009634}.Debug|Any CPU.ActiveCfg = Debug|Any CPU
		{D73FC9DB-2A04-448C-96A1-91D9D3009634}.Debug|Any CPU.Build.0 = Debug|Any CPU
		{D73FC9DB-2A04-448C-96A1-91D9D3009634}.Release|Any CPU.ActiveCfg = Release|Any CPU
		{D73FC9DB-2A04-448C-96A1-91D9D3009634}.Release|Any CPU.Build.0 = Release|Any CPU
	EndGlobalSection
	GlobalSection(SolutionProperties) = preSolution
		HideSolutionNode = FALSE
	EndGlobalSection
	GlobalSection(ExtensibilityGlobals) = postSolution
		SolutionGuid = {90063384-3F3B-4538-9D68-60B4847DFE5F}
	EndGlobalSection
EndGlobal
